{
  "version": 4,
  "terraform_version": "1.11.2",
  "serial": 94,
  "lineage": "07c1f75d-0f78-a3b9-8731-f78c8dfe2312",
  "outputs": {
    "rotate_secret_arns": {
      "value": {},
      "type": [
        "object",
        {}
      ]
    },
    "rotate_secret_ids": {
      "value": {},
      "type": [
        "object",
        {}
      ]
    },
    "secret_arns": {
      "value": {
        "ephemeral-binary-ephemeral-types-ic6oy0": "arn:aws:secretsmanager:ca-central-1:758889637411:secret:ephemeral-binary-ephemeral-types-ic6oy0-24dnT4"
      },
      "type": [
        "object",
        {
          "ephemeral-binary-ephemeral-types-ic6oy0": "string"
        }
      ]
    },
    "secret_ids": {
      "value": {
        "ephemeral-binary-ephemeral-types-ic6oy0": "arn:aws:secretsmanager:ca-central-1:758889637411:secret:ephemeral-binary-ephemeral-types-ic6oy0-24dnT4"
      },
      "type": [
        "object",
        {
          "ephemeral-binary-ephemeral-types-ic6oy0": "string"
        }
      ]
    }
  },
  "resources": [
    {
      "mode": "managed",
      "type": "aws_secretsmanager_secret",
      "name": "sm",
      "provider": "provider[\"registry.terraform.io/hashicorp/aws\"]",
      "instances": [
        {
          "index_key": "ephemeral-binary-ephemeral-types-ic6oy0",
          "schema_version": 0,
          "attributes": {
            "arn": "arn:aws:secretsmanager:ca-central-1:758889637411:secret:ephemeral-binary-ephemeral-types-ic6oy0-24dnT4",
            "description": "Ephemeral binary secret",
            "force_overwrite_replica_secret": false,
            "id": "arn:aws:secretsmanager:ca-central-1:758889637411:secret:ephemeral-binary-ephemeral-types-ic6oy0-24dnT4",
            "kms_key_id": "",
            "name": "ephemeral-binary-ephemeral-types-ic6oy0",
            "name_prefix": "",
            "policy": "",
            "recovery_window_in_days": 30,
            "region": "ca-central-1",
            "replica": [],
            "tags": null,
            "tags_all": {}
          },
          "sensitive_attributes": [],
          "private": "bnVsbA=="
        }
      ]
    },
    {
      "mode": "managed",
      "type": "aws_secretsmanager_secret_version",
      "name": "sm-sv",
      "provider": "provider[\"registry.terraform.io/hashicorp/aws\"]",
      "instances": [
        {
          "index_key": "ephemeral-binary-ephemeral-types-ic6oy0",
          "schema_version": 0,
          "attributes": {
            "arn": "arn:aws:secretsmanager:ca-central-1:758889637411:secret:ephemeral-binary-ephemeral-types-ic6oy0-24dnT4",
            "has_secret_string_wo": true,
            "id": "arn:aws:secretsmanager:ca-central-1:758889637411:secret:ephemeral-binary-ephemeral-types-ic6oy0-24dnT4|terraform-20250724193312275600000002",
            "region": "ca-central-1",
            "secret_binary": "",
            "secret_id": "arn:aws:secretsmanager:ca-central-1:758889637411:secret:ephemeral-binary-ephemeral-types-ic6oy0-24dnT4",
            "secret_string": "",
            "secret_string_wo": null,
            "secret_string_wo_version": 1,
            "version_id": "terraform-20250724193312275600000002",
            "version_stages": [
              "AWSCURRENT"
            ]
          },
          "sensitive_attributes": [
            [
              {
                "type": "get_attr",
                "value": "secret_binary"
              }
            ],
            [
              {
                "type": "get_attr",
                "value": "secret_string_wo"
              }
            ],
            [
              {
                "type": "get_attr",
                "value": "secret_string"
              }
            ]
          ],
          "private": "bnVsbA==",
          "dependencies": [
            "aws_secretsmanager_secret.sm"
          ]
        }
      ]
    }
  ],
  "check_results": [
    {
      "object_kind": "var",
      "config_addr": "var.secrets",
      "status": "pass",
      "objects": [
        {
          "object_addr": "var.secrets",
          "status": "pass"
        }
      ]
    },
    {
      "object_kind": "var",
      "config_addr": "var.automatically_after_days",
      "status": "pass",
      "objects": [
        {
          "object_addr": "var.automatically_after_days",
          "status": "pass"
        }
      ]
    },
    {
      "object_kind": "var",
      "config_addr": "var.version_stages",
      "status": "pass",
      "objects": [
        {
          "object_addr": "var.version_stages",
          "status": "pass"
        }
      ]
    },
    {
      "object_kind": "var",
      "config_addr": "var.tags",
      "status": "pass",
      "objects": [
        {
          "object_addr": "var.tags",
          "status": "pass"
        }
      ]
    },
    {
      "object_kind": "var",
      "config_addr": "var.recovery_window_in_days",
      "status": "pass",
      "objects": [
        {
          "object_addr": "var.recovery_window_in_days",
          "status": "pass"
        }
      ]
    },
    {
      "object_kind": "var",
      "config_addr": "var.rotate_secrets",
      "status": "pass",
      "objects": [
        {
          "object_addr": "var.rotate_secrets",
          "status": "pass"
        }
      ]
    }
  ]
}
